
Microsoft Visual Studio Solution File, Format Version 12.00
# Visual Studio 15
VisualStudioVersion = 15.0.28307.1145
MinimumVisualStudioVersion = 10.0.40219.1
Project("{FAE04EC0-301F-11D3-BF4B-00C04F79EFBC}") = "MVCBOND", "MVCBOND\MVCBOND.csproj", "{B93E27AE-6A6A-4EB0-9761-7EBF6C7C0831}"
EndProject
Project("{FAE04EC0-301F-11D3-BF4B-00C04F79EFBC}") = "MvcBondBusinessLayer", "MvcBondBusinessLayer\MvcBondBusinessLayer.csproj", "{CE20E0A9-327A-41FC-AC52-9AF96D9C371D}"
EndProject
Project("{FAE04EC0-301F-11D3-BF4B-00C04F79EFBC}") = "MvcBondDataLayer", "MvcBondDataLayer\MvcBondDataLayer.csproj", "{34501066-3DBE-4EFF-8558-A8BA76DC58AB}"
EndProject
Project("{FAE04EC0-301F-11D3-BF4B-00C04F79EFBC}") = "MvcBondDBConnector", "MvcBondDBConnector\MvcBondDBConnector.csproj", "{73F8E5CB-B42D-45D6-B99B-D7CA741AE99C}"
EndProject
Project("{FAE04EC0-301F-11D3-BF4B-00C04F79EFBC}") = "MvcBondEntities", "MvcBondEntities\MvcBondEntities.csproj", "{1FF9EBDB-2DBC-449E-A218-F4D4F7A0FB92}"
EndProject
Global
	GlobalSection(SolutionConfigurationPlatforms) = preSolution
		Debug|Any CPU = Debug|Any CPU
		Release|Any CPU = Release|Any CPU
	EndGlobalSection
	GlobalSection(ProjectConfigurationPlatforms) = postSolution
		{B93E27AE-6A6A-4EB0-9761-7EBF6C7C0831}.Debug|Any CPU.ActiveCfg = Debug|Any CPU
		{B93E27AE-6A6A-4EB0-9761-7EBF6C7C0831}.Debug|Any CPU.Build.0 = Debug|Any CPU
		{B93E27AE-6A6A-4EB0-9761-7EBF6C7C0831}.Release|Any CPU.ActiveCfg = Release|Any CPU
		{B93E27AE-6A6A-4EB0-9761-7EBF6C7C0831}.Release|Any CPU.Build.0 = Release|Any CPU
		{CE20E0A9-327A-41FC-AC52-9AF96D9C371D}.Debug|Any CPU.ActiveCfg = Debug|Any CPU
		{CE20E0A9-327A-41FC-AC52-9AF96D9C371D}.Debug|Any CPU.Build.0 = Debug|Any CPU
		{CE20E0A9-327A-41FC-AC52-9AF96D9C371D}.Release|Any CPU.ActiveCfg = Release|Any CPU
		{CE20E0A9-327A-41FC-AC52-9AF96D9C371D}.Release|Any CPU.Build.0 = Release|Any CPU
		{34501066-3DBE-4EFF-8558-A8BA76DC58AB}.Debug|Any CPU.ActiveCfg = Debug|Any CPU
		{34501066-3DBE-4EFF-8558-A8BA76DC58AB}.Debug|Any CPU.Build.0 = Debug|Any CPU
		{34501066-3DBE-4EFF-8558-A8BA76DC58AB}.Release|Any CPU.ActiveCfg = Release|Any CPU
		{34501066-3DBE-4EFF-8558-A8BA76DC58AB}.Release|Any CPU.Build.0 = Release|Any CPU
		{73F8E5CB-B42D-45D6-B99B-D7CA741AE99C}.Debug|Any CPU.ActiveCfg = Debug|Any CPU
		{73F8E5CB-B42D-45D6-B99B-D7CA741AE99C}.Debug|Any CPU.Build.0 = Debug|Any CPU
		{73F8E5CB-B42D-45D6-B99B-D7CA741AE99C}.Release|Any CPU.ActiveCfg = Release|Any CPU
		{73F8E5CB-B42D-45D6-B99B-D7CA741AE99C}.Release|Any CPU.Build.0 = Release|Any CPU
		{1FF9EBDB-2DBC-449E-A218-F4D4F7A0FB92}.Debug|Any CPU.ActiveCfg = Debug|Any CPU
		{1FF9EBDB-2DBC-449E-A218-F4D4F7A0FB92}.Debug|Any CPU.Build.0 = Debug|Any CPU
		{1FF9EBDB-2DBC-449E-A218-F4D4F7A0FB92}.Release|Any CPU.ActiveCfg = Release|Any CPU
		{1FF9EBDB-2DBC-449E-A218-F4D4F7A0FB92}.Release|Any CPU.Build.0 = Release|Any CPU
	EndGlobalSection
	GlobalSection(SolutionProperties) = preSolution
		HideSolutionNode = FALSE
	EndGlobalSection
	GlobalSection(ExtensibilityGlobals) = postSolution
		SolutionGuid = {740FB226-60E8-4EB7-B97D-6A43447880A6}
	EndGlobalSection
EndGlobal
